Microsoft Visual Studio Solution File, Format Version 12.00
# Visual Studio Version 17
VisualStudioVersion = 17.0.31903.59
MinimumVisualStudioVersion = 10.0.40219.1
Project("{FAE04EC0-301F-11D3-BF4B-00C04F79EFBC}") = "DotnetCoupling.Cli", "src\DotnetCoupling.Cli\DotnetCoupling.Cli.csproj", "{5B5A042D-C5CF-4804-BA70-CE660F968C1D}"
EndProject
Project("{FAE04EC0-301F-11D3-BF4B-00C04F79EFBC}") = "DotnetCoupling.Tests", "tests\DotnetCoupling.Tests\DotnetCoupling.Tests.csproj", "{78B1FD8E-67B5-4DD1-81F8-A702208868B9}"
EndProject
Global
	GlobalSection(SolutionConfigurationPlatforms) = preSolution
		Debug|Any CPU = Debug|Any CPU
		Release|Any CPU = Release|Any CPU
	EndGlobalSection
	GlobalSection(ProjectConfigurationPlatforms) = postSolution
		{5B5A042D-C5CF-4804-BA70-CE660F968C1D}.Debug|Any CPU.ActiveCfg = Debug|Any CPU
		{5B5A042D-C5CF-4804-BA70-CE660F968C1D}.Debug|Any CPU.Build.0 = Debug|Any CPU
		{5B5A042D-C5CF-4804-BA70-CE660F968C1D}.Release|Any CPU.ActiveCfg = Release|Any CPU
		{5B5A042D-C5CF-4804-BA70-CE660F968C1D}.Release|Any CPU.Build.0 = Release|Any CPU
		{78B1FD8E-67B5-4DD1-81F8-A702208868B9}.Debug|Any CPU.ActiveCfg = Debug|Any CPU
		{78B1FD8E-67B5-4DD1-81F8-A702208868B9}.Debug|Any CPU.Build.0 = Debug|Any CPU
		{78B1FD8E-67B5-4DD1-81F8-A702208868B9}.Release|Any CPU.ActiveCfg = Release|Any CPU
		{78B1FD8E-67B5-4DD1-81F8-A702208868B9}.Release|Any CPU.Build.0 = Release|Any CPU
	EndGlobalSection
EndGlobal
